
Microsoft Visual Studio Solution File, Format Version 12.00
# Visual Studio 15
VisualStudioVersion = 15.0.27130.2003
MinimumVisualStudioVersion = 10.0.40219.1
Project("{2150E333-8FDC-42A3-9474-1A3956D46DE8}") = "ServiceContracts", "ServiceContracts", "{CEFC4CE4-EF4A-4E34-AB3D-251825F77105}"
EndProject
Project("{FAE04EC0-301F-11D3-BF4B-00C04F79EFBC}") = "NetworkModelGDAContract", "ServiceContracts\NetworkModelQueryContract\NetworkModelGDAContract.csproj", "{B726FB71-D295-41EE-9644-B2B0B1BC8911}"
	ProjectSection(ProjectDependencies) = postProject
		{3C03A41C-BE4C-40A8-97D5-5DBAC0C34102} = {3C03A41C-BE4C-40A8-97D5-5DBAC0C34102}
	EndProjectSection
EndProject
Project("{2150E333-8FDC-42A3-9474-1A3956D46DE8}") = "Common", "Common", "{F630D6EF-1628-4554-A550-21C81AD79356}"
EndProject
Project("{FAE04EC0-301F-11D3-BF4B-00C04F79EFBC}") = "Common", "Common\Common.csproj", "{892CBE15-9ED7-4540-81FA-0EAABA592138}"
EndProject
Project("{2150E333-8FDC-42A3-9474-1A3956D46DE8}") = "NetworkModelService", "NetworkModelService", "{D140F6CB-3922-47C3-9690-ABD853D28A88}"
EndProject
Project("{FAE04EC0-301F-11D3-BF4B-00C04F79EFBC}") = "NetworkModelService", "NetworkModelService\NetworkModelService.csproj", "{2630D180-1B68-4E84-AEAC-42EE8C88B50F}"
EndProject
Project("{FAE04EC0-301F-11D3-BF4B-00C04F79EFBC}") = "DataModel", "NetworkModelService\DataModel\DataModel.csproj", "{ADE96497-7C11-40B6-AE82-57F956C9F104}"
EndProject
Project("{FAE04EC0-301F-11D3-BF4B-00C04F79EFBC}") = "NetworkModelServiceSelfHost", "NetworkModelService\ServiceHost\NetworkModelServiceSelfHost\NetworkModelServiceSelfHost.csproj", "{E112FFCC-BD88-4056-99E1-0991A0E82588}"
EndProject
Project("{FAE04EC0-301F-11D3-BF4B-00C04F79EFBC}") = "CIMAdapter", "CIMAdapter\CIMAdapter.csproj", "{F680D34F-C148-4314-8914-B2DF3E7B17AF}"
EndProject
Project("{FAE04EC0-301F-11D3-BF4B-00C04F79EFBC}") = "CIMParser", "CIMParser\CIMParser.csproj", "{3C03A41C-BE4C-40A8-97D5-5DBAC0C34102}"
EndProject
Project("{FAE04EC0-301F-11D3-BF4B-00C04F79EFBC}") = "CIMProfileCreator", "CIMProfileCreator\CIMProfileCreator.csproj", "{05FA2F21-D4DE-4F42-8D8F-AC79993394F6}"
EndProject
Project("{FAE04EC0-301F-11D3-BF4B-00C04F79EFBC}") = "ModelLabsApp", "ModelLabsApp\ModelLabsApp.csproj", "{3DD11384-2CC1-4EE9-9F4A-02B6FE8759C0}"
EndProject
Project("{2150E333-8FDC-42A3-9474-1A3956D46DE8}") = "Tests", "Tests", "{4EC6767A-09E0-44D1-B4E9-2F55124C116B}"
EndProject
Project("{2150E333-8FDC-42A3-9474-1A3956D46DE8}") = "NetworkModelServiceTest", "NetworkModelServiceTest", "{9AFAFF43-18B6-408C-BE6E-A4DC7A155935}"
EndProject
Project("{2150E333-8FDC-42A3-9474-1A3956D46DE8}") = "CIMAdapterTest", "CIMAdapterTest", "{FCF49C3D-C3F2-4F09-A75B-5D9A6A688BF0}"
EndProject
Project("{FAE04EC0-301F-11D3-BF4B-00C04F79EFBC}") = "UIClient", "UIClient\UIClient.csproj", "{4B17C411-2AEA-4326-A64F-17B0EBAE1395}"
EndProject
Project("{2150E333-8FDC-42A3-9474-1A3956D46DE8}") = "SCADA", "SCADA", "{8032A5F4-B56A-422D-A659-91B233A8F7BB}"
EndProject
Project("{2150E333-8FDC-42A3-9474-1A3956D46DE8}") = "Commanding", "Commanding", "{07733597-8FB2-44F8-A73E-8BD0D3863B43}"
EndProject
Project("{2150E333-8FDC-42A3-9474-1A3956D46DE8}") = "Collecting", "Collecting", "{6B270F5C-F475-4AD4-B95D-CE65712CB80C}"
EndProject
Project("{2150E333-8FDC-42A3-9474-1A3956D46DE8}") = "Crunching", "Crunching", "{9F52F876-2548-4119-9E54-0CB7C76B1750}"
EndProject
Project("{FAE04EC0-301F-11D3-BF4B-00C04F79EFBC}") = "ScadaCMDContract", "ServiceContracts\ScadaCMDContract\ScadaCMDContract.csproj", "{E5EB974E-55E9-4C8C-9DBF-DB4530F4904E}"
EndProject
Project("{FAE04EC0-301F-11D3-BF4B-00C04F79EFBC}") = "ScadaCRContract", "ServiceContracts\ScadaCRContract\ScadaCRContract.csproj", "{FEDD8D01-0F4E-421F-9BC8-15E6F4BD9AF7}"
EndProject
Project("{FAE04EC0-301F-11D3-BF4B-00C04F79EFBC}") = "SCADACollectingService", "SCADA\SCADACollectingService\SCADACollectingService.csproj", "{2819300E-0523-4CF8-B071-62D604AF02D6}"
EndProject
Project("{FAE04EC0-301F-11D3-BF4B-00C04F79EFBC}") = "SCADACommandingService", "SCADA\SCADACommandingService\SCADACommandingService.csproj", "{8FF5F65B-4A7E-4E75-A15E-268A0CA36BEF}"
EndProject
Project("{FAE04EC0-301F-11D3-BF4B-00C04F79EFBC}") = "SCADACommandingServiceSelfHost", "SCADA\SCADACommandingServiceSelfHost\SCADACommandingServiceSelfHost.csproj", "{3826D1EF-9F0A-44C3-A96D-63C5F84B2CDA}"
EndProject
Project("{FAE04EC0-301F-11D3-BF4B-00C04F79EFBC}") = "SCADACrunchingService", "SCADA\SCADACrunchingService\SCADACrunchingService.csproj", "{9328821B-A2D6-4735-9CA3-EC63D9B36E2D}"
EndProject
Project("{FAE04EC0-301F-11D3-BF4B-00C04F79EFBC}") = "SCADACrunchingServiceHost", "SCADA\SCADACrunchingServiceHost\SCADACrunchingServiceHost.csproj", "{77599DE5-1A7F-4B5B-A7C5-692126288609}"
EndProject
Project("{2150E333-8FDC-42A3-9474-1A3956D46DE8}") = "CalculationEngineService", "CalculationEngineService", "{2964A514-F050-4239-B4CA-DEFB248CE5E8}"
EndProject
Project("{FAE04EC0-301F-11D3-BF4B-00C04F79EFBC}") = "CalculationEngineService", "CalculationEngineService\CalculationEngineService.csproj", "{AE9BD552-B3BA-47D2-A7C2-3E6AA289662D}"
EndProject
Project("{FAE04EC0-301F-11D3-BF4B-00C04F79EFBC}") = "CalculationEngineServiceSelfHost", "CalculationEngineServiceSelfHost\CalculationEngineServiceSelfHost.csproj", "{C66761B6-9AA4-4483-9228-25F5A8FB91A1}"
EndProject
Project("{FAE04EC0-301F-11D3-BF4B-00C04F79EFBC}") = "ScadaCLContract", "ServiceContracts\ScadaCLContract\ScadaCLContract.csproj", "{F58FFCBD-49D3-4153-9336-9CBFBC17F55F}"
EndProject
Project("{FAE04EC0-301F-11D3-BF4B-00C04F79EFBC}") = "CalculationEngineContract", "ServiceContracts\CalculationEngineContract\CalculationEngineContract.csproj", "{D322124E-3C27-45ED-86BB-84DC5621845A}"
EndProject
Project("{2150E333-8FDC-42A3-9474-1A3956D46DE8}") = "CommonTest", "CommonTest", "{125E31D5-1DB3-401A-ACA0-2A2E0232B20E}"
EndProject
Project("{2150E333-8FDC-42A3-9474-1A3956D46DE8}") = "CalculationEngineServiceTest", "CalculationEngineServiceTest", "{E3DE5FD6-9062-444D-8DC9-0486ACEB6475}"
EndProject
Project("{FAE04EC0-301F-11D3-BF4B-00C04F79EFBC}") = "CIMAdapterTest", "Test\CIMAdapterTest\CIMAdapterTest.csproj", "{BFC47BE0-B158-4B21-B8BB-FD9BCF36E27E}"
EndProject
Project("{FAE04EC0-301F-11D3-BF4B-00C04F79EFBC}") = "CalculationEngineServiceTest", "Test\CalculationEngineServiceTest\CalculationEngineServiceTest\CalculationEngineServiceTest.csproj", "{877F7DC4-CB4C-44C1-9FD3-1981B815ED3D}"
EndProject
Project("{FAE04EC0-301F-11D3-BF4B-00C04F79EFBC}") = "CommonMeasurementTest", "Test\CommonMeasurementTest\CommonMeasurementTest.csproj", "{F4252027-109E-4C95-9913-15CD32C0076C}"
EndProject
Project("{FAE04EC0-301F-11D3-BF4B-00C04F79EFBC}") = "DataModelTest", "Test\DataModelTest\DataModelTest.csproj", "{DF5AEE01-F1AA-4551-ADBA-EC3D5C42E14B}"
EndProject
Project("{FAE04EC0-301F-11D3-BF4B-00C04F79EFBC}") = "SmoothModbus", "SmoothModbus\SmoothModbus.csproj", "{09EF9D35-1AD9-49CE-8064-367B80F9E75D}"
EndProject
Project("{2150E333-8FDC-42A3-9474-1A3956D46DE8}") = "CommonMeasurement", "CommonMeasurement", "{F0DBA39A-8BE4-48A0-9F6B-497FED39F3D5}"
EndProject
Project("{FAE04EC0-301F-11D3-BF4B-00C04F79EFBC}") = "CommonMeasurement", "CommonMeasurement\CommonMeasurement.csproj", "{94842C81-93DE-4490-A3D0-BC420C97B850}"
EndProject
Project("{FAE04EC0-301F-11D3-BF4B-00C04F79EFBC}") = "SCADACollectingServiceSelfHost", "SCADA\SCADACollectingServiceSelfHost\SCADACollectingServiceSelfHost.csproj", "{4EDE59D5-246F-4BC6-9ADE-EF0BF652E935}"
EndProject
Project("{2150E333-8FDC-42A3-9474-1A3956D46DE8}") = "SCADATest", "SCADATest", "{CF659460-3924-4C38-9DF6-7110C1284D10}"
EndProject
Project("{FAE04EC0-301F-11D3-BF4B-00C04F79EFBC}") = "TransactionContract", "ServiceContracts\TransactionContract\TransactionContract.csproj", "{6F89B2AE-4EED-479E-AD58-69B8A6865820}"
EndProject
Project("{2150E333-8FDC-42A3-9474-1A3956D46DE8}") = "Transaction", "Transaction", "{773C187E-295E-4DFA-9ABA-763AA04BCDAB}"
EndProject
Project("{FAE04EC0-301F-11D3-BF4B-00C04F79EFBC}") = "TransactionManagerServiceSelfHost", "Transaction\TransactionManager\TransactionManagerServiceSelfHost.csproj", "{0D54CFBD-3343-4B21-8C08-EFE1DEA87AA1}"
EndProject
Project("{FAE04EC0-301F-11D3-BF4B-00C04F79EFBC}") = "TransactionManagerService", "Transaction\TransactionManagerService\TransactionManagerService.csproj", "{B58C4EBA-AE0A-40E9-85EE-A3ACCA49D7B8}"
EndProject
Project("{FAE04EC0-301F-11D3-BF4B-00C04F79EFBC}") = "SCADACrunchingTest", "Test\SCADATest\SCADACrunchingTest\SCADACrunchingTest.csproj", "{4AC750BE-59DD-41A2-923F-5601FFE89A18}"
EndProject
Project("{FAE04EC0-301F-11D3-BF4B-00C04F79EFBC}") = "SCADACollectingTest", "Test\SCADATest\SCADACollectingTest\SCADACollectingTest.csproj", "{B3EB3154-F843-4C34-8791-A84FE2826927}"
EndProject
Project("{2150E333-8FDC-42A3-9474-1A3956D46DE8}") = "UI", "UI", "{5AA7243A-26F5-4E7D-B9B1-2A2CFA1E2E0B}"
EndProject
Project("{FAE04EC0-301F-11D3-BF4B-00C04F79EFBC}") = "UIContract", "ServiceContracts\UIContract\UIContract.csproj", "{11CEC80D-0F65-4125-A948-FD4302064F6B}"
EndProject
Project("{2150E333-8FDC-42A3-9474-1A3956D46DE8}") = "SmoothModbusTest", "SmoothModbusTest", "{9CEF90F1-E2AE-4790-BD12-CA70AEA83AC1}"
EndProject
Project("{FAE04EC0-301F-11D3-BF4B-00C04F79EFBC}") = "SmoothModbusTest", "Test\SmoothModbusTest\SmoothModbusTest.csproj", "{DE2E0A5C-2428-44C5-9E63-EA47BC8F424F}"
EndProject
Project("{2150E333-8FDC-42A3-9474-1A3956D46DE8}") = "AlarmsEventsService", "AlarmsEventsService", "{F878EC4C-46D7-4C0F-BB19-CEE229B6DC11}"
EndProject
Project("{FAE04EC0-301F-11D3-BF4B-00C04F79EFBC}") = "CEPubSubContract", "ServiceContracts\CEPubSubContract\CEPubSubContract.csproj", "{001A5767-0640-4E4E-8AD8-22AEBFD8C069}"
EndProject
Project("{FAE04EC0-301F-11D3-BF4B-00C04F79EFBC}") = "AlarmsEventsService", "AlarmsEventsService\AlarmsEventsService.csproj", "{6A58DB48-FC29-48D0-B429-A40640AAB21D}"
EndProject
Project("{FAE04EC0-301F-11D3-BF4B-00C04F79EFBC}") = "AlarmsEventsServiceSelfHost", "AlarmsEventsServiceSelfHost\AlarmsEventsServiceSelfHost.csproj", "{6A95D001-48FA-4CDC-92FF-58B1FD22266F}"
EndProject
Project("{FAE04EC0-301F-11D3-BF4B-00C04F79EFBC}") = "AlarmsEventsContract", "ServiceContracts\AlarmsEventsContract\AlarmsEventsContract.csproj", "{DC58AA82-434D-4C1B-936A-0AF3E79CBDC5}"
EndProject
Project("{FAE04EC0-301F-11D3-BF4B-00C04F79EFBC}") = "AESPubSbuContract", "ServiceContracts\AESPubSbuContract\AESPubSbuContract.csproj", "{D7D1B621-4053-4A57-8A65-B7B3157F12B2}"
EndProject
Project("{2150E333-8FDC-42A3-9474-1A3956D46DE8}") = "AlarmsEventsServiceTest", "AlarmsEventsServiceTest", "{2A4D7479-1FAC-453F-895A-DE075FDF607D}"
EndProject
Project("{FAE04EC0-301F-11D3-BF4B-00C04F79EFBC}") = "AlarmsEventsServiceTest", "Test\AlarmsEventsServiceTest\AlarmsEventsServiceTest.csproj", "{BDA45825-200C-4E87-8D5B-4BDAC39A7074}"
EndProject
Project("{2150E333-8FDC-42A3-9474-1A3956D46DE8}") = "NmsDatabase", "NmsDatabase", "{D6792581-9CD7-4B6A-9972-CAA6FCEEEC35}"
EndProject
Project("{00D1A9C2-B5F0-4AF3-8072-F6C62B433612}") = "NmsDatabase", "NmsDatabase\NmsDatabase\NmsDatabase.sqlproj", "{2045DA5E-E7E0-4CF9-B6F7-664CAC7AFAFE}"
EndProject
Project("{2150E333-8FDC-42A3-9474-1A3956D46DE8}") = "HistoryDatabase", "HistoryDatabase", "{57CEF766-640C-4B0E-BAE4-DF4B0F4D6331}"
EndProject
Project("{00D1A9C2-B5F0-4AF3-8072-F6C62B433612}") = "HistoryDatabase", "HistoryDatabase\HistoryDatabase\HistoryDatabase.sqlproj", "{A5A8D79A-DBB8-4ADA-95DD-B6EB802F962F}"
EndProject
Global
	GlobalSection(SolutionConfigurationPlatforms) = preSolution
		Debug|Any CPU = Debug|Any CPU
		Debug|x64 = Debug|x64
		Debug|x86 = Debug|x86
		Release|Any CPU = Release|Any CPU
		Release|x64 = Release|x64
		Release|x86 = Release|x86
	EndGlobalSection
	GlobalSection(ProjectConfigurationPlatforms) = postSolution
		{B726FB71-D295-41EE-9644-B2B0B1BC8911}.Debug|Any CPU.ActiveCfg = Debug|x64
		{B726FB71-D295-41EE-9644-B2B0B1BC8911}.Debug|Any CPU.Build.0 = Debug|x64
		{B726FB71-D295-41EE-9644-B2B0B1BC8911}.Debug|x64.ActiveCfg = Debug|x64
		{B726FB71-D295-41EE-9644-B2B0B1BC8911}.Debug|x64.Build.0 = Debug|x64
		{B726FB71-D295-41EE-9644-B2B0B1BC8911}.Debug|x86.ActiveCfg = Debug|x86
		{B726FB71-D295-41EE-9644-B2B0B1BC8911}.Debug|x86.Build.0 = Debug|x86
		{B726FB71-D295-41EE-9644-B2B0B1BC8911}.Release|Any CPU.ActiveCfg = Release|x86
		{B726FB71-D295-41EE-9644-B2B0B1BC8911}.Release|x64.ActiveCfg = Release|x64
		{B726FB71-D295-41EE-9644-B2B0B1BC8911}.Release|x64.Build.0 = Release|x64
		{B726FB71-D295-41EE-9644-B2B0B1BC8911}.Release|x86.ActiveCfg = Release|x86
		{B726FB71-D295-41EE-9644-B2B0B1BC8911}.Release|x86.Build.0 = Release|x86
		{892CBE15-9ED7-4540-81FA-0EAABA592138}.Debug|Any CPU.ActiveCfg = Debug|x64
		{892CBE15-9ED7-4540-81FA-0EAABA592138}.Debug|Any CPU.Build.0 = Debug|x64
		{892CBE15-9ED7-4540-81FA-0EAABA592138}.Debug|x64.ActiveCfg = Debug|x64
		{892CBE15-9ED7-4540-81FA-0EAABA592138}.Debug|x64.Build.0 = Debug|x64
		{892CBE15-9ED7-4540-81FA-0EAABA592138}.Debug|x86.ActiveCfg = Debug|x86
		{892CBE15-9ED7-4540-81FA-0EAABA592138}.Debug|x86.Build.0 = Debug|x86
		{892CBE15-9ED7-4540-81FA-0EAABA592138}.Release|Any CPU.ActiveCfg = Release|x86
		{892CBE15-9ED7-4540-81FA-0EAABA592138}.Release|x64.ActiveCfg = Release|x64
		{892CBE15-9ED7-4540-81FA-0EAABA592138}.Release|x64.Build.0 = Release|x64
		{892CBE15-9ED7-4540-81FA-0EAABA592138}.Release|x86.ActiveCfg = Release|x86
		{892CBE15-9ED7-4540-81FA-0EAABA592138}.Release|x86.Build.0 = Release|x86
		{2630D180-1B68-4E84-AEAC-42EE8C88B50F}.Debug|Any CPU.ActiveCfg = Debug|x64
		{2630D180-1B68-4E84-AEAC-42EE8C88B50F}.Debug|Any CPU.Build.0 = Debug|x64
		{2630D180-1B68-4E84-AEAC-42EE8C88B50F}.Debug|x64.ActiveCfg = Debug|x64
		{2630D180-1B68-4E84-AEAC-42EE8C88B50F}.Debug|x64.Build.0 = Debug|x64
		{2630D180-1B68-4E84-AEAC-42EE8C88B50F}.Debug|x86.ActiveCfg = Debug|x86
		{2630D180-1B68-4E84-AEAC-42EE8C88B50F}.Debug|x86.Build.0 = Debug|x86
		{2630D180-1B68-4E84-AEAC-42EE8C88B50F}.Release|Any CPU.ActiveCfg = Release|x86
		{2630D180-1B68-4E84-AEAC-42EE8C88B50F}.Release|x64.ActiveCfg = Release|x64
		{2630D180-1B68-4E84-AEAC-42EE8C88B50F}.Release|x64.Build.0 = Release|x64
		{2630D180-1B68-4E84-AEAC-42EE8C88B50F}.Release|x86.ActiveCfg = Release|x86
		{2630D180-1B68-4E84-AEAC-42EE8C88B50F}.Release|x86.Build.0 = Release|x86
		{ADE96497-7C11-40B6-AE82-57F956C9F104}.Debug|Any CPU.ActiveCfg = Debug|x64
		{ADE96497-7C11-40B6-AE82-57F956C9F104}.Debug|Any CPU.Build.0 = Debug|x64
		{ADE96497-7C11-40B6-AE82-57F956C9F104}.Debug|x64.ActiveCfg = Debug|x64
		{ADE96497-7C11-40B6-AE82-57F956C9F104}.Debug|x64.Build.0 = Debug|x64
		{ADE96497-7C11-40B6-AE82-57F956C9F104}.Debug|x86.ActiveCfg = Debug|x86
		{ADE96497-7C11-40B6-AE82-57F956C9F104}.Debug|x86.Build.0 = Debug|x86
		{ADE96497-7C11-40B6-AE82-57F956C9F104}.Release|Any CPU.ActiveCfg = Release|x86
		{ADE96497-7C11-40B6-AE82-57F956C9F104}.Release|x64.ActiveCfg = Release|x64
		{ADE96497-7C11-40B6-AE82-57F956C9F104}.Release|x64.Build.0 = Release|x64
		{ADE96497-7C11-40B6-AE82-57F956C9F104}.Release|x86.ActiveCfg = Release|x86
		{ADE96497-7C11-40B6-AE82-57F956C9F104}.Release|x86.Build.0 = Release|x86
		{E112FFCC-BD88-4056-99E1-0991A0E82588}.Debug|Any CPU.ActiveCfg = Debug|x64
		{E112FFCC-BD88-4056-99E1-0991A0E82588}.Debug|Any CPU.Build.0 = Debug|x64
		{E112FFCC-BD88-4056-99E1-0991A0E82588}.Debug|x64.ActiveCfg = Debug|x64
		{E112FFCC-BD88-4056-99E1-0991A0E82588}.Debug|x64.Build.0 = Debug|x64
		{E112FFCC-BD88-4056-99E1-0991A0E82588}.Debug|x86.ActiveCfg = Debug|x86
		{E112FFCC-BD88-4056-99E1-0991A0E82588}.Debug|x86.Build.0 = Debug|x86
		{E112FFCC-BD88-4056-99E1-0991A0E82588}.Release|Any CPU.ActiveCfg = Release|x86
		{E112FFCC-BD88-4056-99E1-0991A0E82588}.Release|x64.ActiveCfg = Release|x64
		{E112FFCC-BD88-4056-99E1-0991A0E82588}.Release|x64.Build.0 = Release|x64
		{E112FFCC-BD88-4056-99E1-0991A0E82588}.Release|x86.ActiveCfg = Release|x86
		{E112FFCC-BD88-4056-99E1-0991A0E82588}.Release|x86.Build.0 = Release|x86
		{F680D34F-C148-4314-8914-B2DF3E7B17AF}.Debug|Any CPU.ActiveCfg = Debug|x64
		{F680D34F-C148-4314-8914-B2DF3E7B17AF}.Debug|Any CPU.Build.0 = Debug|x64
		{F680D34F-C148-4314-8914-B2DF3E7B17AF}.Debug|x64.ActiveCfg = Debug|x64
		{F680D34F-C148-4314-8914-B2DF3E7B17AF}.Debug|x64.Build.0 = Debug|x64
		{F680D34F-C148-4314-8914-B2DF3E7B17AF}.Debug|x86.ActiveCfg = Debug|x86
		{F680D34F-C148-4314-8914-B2DF3E7B17AF}.Debug|x86.Build.0 = Debug|x86
		{F680D34F-C148-4314-8914-B2DF3E7B17AF}.Release|Any CPU.ActiveCfg = Release|x86
		{F680D34F-C148-4314-8914-B2DF3E7B17AF}.Release|x64.ActiveCfg = Release|x64
		{F680D34F-C148-4314-8914-B2DF3E7B17AF}.Release|x64.Build.0 = Release|x64
		{F680D34F-C148-4314-8914-B2DF3E7B17AF}.Release|x86.ActiveCfg = Release|x86
		{F680D34F-C148-4314-8914-B2DF3E7B17AF}.Release|x86.Build.0 = Release|x86
		{3C03A41C-BE4C-40A8-97D5-5DBAC0C34102}.Debug|Any CPU.ActiveCfg = Debug|x64
		{3C03A41C-BE4C-40A8-97D5-5DBAC0C34102}.Debug|Any CPU.Build.0 = Debug|x64
		{3C03A41C-BE4C-40A8-97D5-5DBAC0C34102}.Debug|x64.ActiveCfg = Debug|x64
		{3C03A41C-BE4C-40A8-97D5-5DBAC0C34102}.Debug|x64.Build.0 = Debug|x64
		{3C03A41C-BE4C-40A8-97D5-5DBAC0C34102}.Debug|x86.ActiveCfg = Debug|x86
		{3C03A41C-BE4C-40A8-97D5-5DBAC0C34102}.Debug|x86.Build.0 = Debug|x86
		{3C03A41C-BE4C-40A8-97D5-5DBAC0C34102}.Release|Any CPU.ActiveCfg = Release|x86
		{3C03A41C-BE4C-40A8-97D5-5DBAC0C34102}.Release|x64.ActiveCfg = Release|x64
		{3C03A41C-BE4C-40A8-97D5-5DBAC0C34102}.Release|x64.Build.0 = Release|x64
		{3C03A41C-BE4C-40A8-97D5-5DBAC0C34102}.Release|x86.ActiveCfg = Release|x86
		{3C03A41C-BE4C-40A8-97D5-5DBAC0C34102}.Release|x86.Build.0 = Release|x86
		{05FA2F21-D4DE-4F42-8D8F-AC79993394F6}.Debug|Any CPU.ActiveCfg = Debug|x64
		{05FA2F21-D4DE-4F42-8D8F-AC79993394F6}.Debug|Any CPU.Build.0 = Debug|x64
		{05FA2F21-D4DE-4F42-8D8F-AC79993394F6}.Debug|x64.ActiveCfg = Debug|x64
		{05FA2F21-D4DE-4F42-8D8F-AC79993394F6}.Debug|x64.Build.0 = Debug|x64
		{05FA2F21-D4DE-4F42-8D8F-AC79993394F6}.Debug|x86.ActiveCfg = Debug|x86
		{05FA2F21-D4DE-4F42-8D8F-AC79993394F6}.Debug|x86.Build.0 = Debug|x86
		{05FA2F21-D4DE-4F42-8D8F-AC79993394F6}.Release|Any CPU.ActiveCfg = Release|x86
		{05FA2F21-D4DE-4F42-8D8F-AC79993394F6}.Release|x64.ActiveCfg = Release|x64
		{05FA2F21-D4DE-4F42-8D8F-AC79993394F6}.Release|x64.Build.0 = Release|x64
		{05FA2F21-D4DE-4F42-8D8F-AC79993394F6}.Release|x86.ActiveCfg = Release|x86
		{05FA2F21-D4DE-4F42-8D8F-AC79993394F6}.Release|x86.Build.0 = Release|x86
		{3DD11384-2CC1-4EE9-9F4A-02B6FE8759C0}.Debug|Any CPU.ActiveCfg = Debug|x64
		{3DD11384-2CC1-4EE9-9F4A-02B6FE8759C0}.Debug|Any CPU.Build.0 = Debug|x64
		{3DD11384-2CC1-4EE9-9F4A-02B6FE8759C0}.Debug|x64.ActiveCfg = Debug|x64
		{3DD11384-2CC1-4EE9-9F4A-02B6FE8759C0}.Debug|x64.Build.0 = Debug|x64
		{3DD11384-2CC1-4EE9-9F4A-02B6FE8759C0}.Debug|x86.ActiveCfg = Debug|x86
		{3DD11384-2CC1-4EE9-9F4A-02B6FE8759C0}.Debug|x86.Build.0 = Debug|x86
		{3DD11384-2CC1-4EE9-9F4A-02B6FE8759C0}.Release|Any CPU.ActiveCfg = Release|x86
		{3DD11384-2CC1-4EE9-9F4A-02B6FE8759C0}.Release|x64.ActiveCfg = Release|x64
		{3DD11384-2CC1-4EE9-9F4A-02B6FE8759C0}.Release|x64.Build.0 = Release|x64
		{3DD11384-2CC1-4EE9-9F4A-02B6FE8759C0}.Release|x86.ActiveCfg = Release|x86
		{3DD11384-2CC1-4EE9-9F4A-02B6FE8759C0}.Release|x86.Build.0 = Release|x86
		{4B17C411-2AEA-4326-A64F-17B0EBAE1395}.Debug|Any CPU.ActiveCfg = Debug|x64
		{4B17C411-2AEA-4326-A64F-17B0EBAE1395}.Debug|Any CPU.Build.0 = Debug|x64
		{4B17C411-2AEA-4326-A64F-17B0EBAE1395}.Debug|x64.ActiveCfg = Debug|x64
		{4B17C411-2AEA-4326-A64F-17B0EBAE1395}.Debug|x64.Build.0 = Debug|x64
		{4B17C411-2AEA-4326-A64F-17B0EBAE1395}.Debug|x86.ActiveCfg = Debug|Any CPU
		{4B17C411-2AEA-4326-A64F-17B0EBAE1395}.Debug|x86.Build.0 = Debug|Any CPU
		{4B17C411-2AEA-4326-A64F-17B0EBAE1395}.Release|Any CPU.ActiveCfg = Release|Any CPU
		{4B17C411-2AEA-4326-A64F-17B0EBAE1395}.Release|Any CPU.Build.0 = Release|Any CPU
		{4B17C411-2AEA-4326-A64F-17B0EBAE1395}.Release|x64.ActiveCfg = Release|Any CPU
		{4B17C411-2AEA-4326-A64F-17B0EBAE1395}.Release|x64.Build.0 = Release|Any CPU
		{4B17C411-2AEA-4326-A64F-17B0EBAE1395}.Release|x86.ActiveCfg = Release|Any CPU
		{4B17C411-2AEA-4326-A64F-17B0EBAE1395}.Release|x86.Build.0 = Release|Any CPU
		{E5EB974E-55E9-4C8C-9DBF-DB4530F4904E}.Debug|Any CPU.ActiveCfg = Debug|x64
		{E5EB974E-55E9-4C8C-9DBF-DB4530F4904E}.Debug|Any CPU.Build.0 = Debug|x64
		{E5EB974E-55E9-4C8C-9DBF-DB4530F4904E}.Debug|x64.ActiveCfg = Debug|x64
		{E5EB974E-55E9-4C8C-9DBF-DB4530F4904E}.Debug|x64.Build.0 = Debug|x64
		{E5EB974E-55E9-4C8C-9DBF-DB4530F4904E}.Debug|x86.ActiveCfg = Debug|Any CPU
		{E5EB974E-55E9-4C8C-9DBF-DB4530F4904E}.Debug|x86.Build.0 = Debug|Any CPU
		{E5EB974E-55E9-4C8C-9DBF-DB4530F4904E}.Release|Any CPU.ActiveCfg = Release|Any CPU
		{E5EB974E-55E9-4C8C-9DBF-DB4530F4904E}.Release|Any CPU.Build.0 = Release|Any CPU
		{E5EB974E-55E9-4C8C-9DBF-DB4530F4904E}.Release|x64.ActiveCfg = Release|x64
		{E5EB974E-55E9-4C8C-9DBF-DB4530F4904E}.Release|x64.Build.0 = Release|x64
		{E5EB974E-55E9-4C8C-9DBF-DB4530F4904E}.Release|x86.ActiveCfg = Release|Any CPU
		{E5EB974E-55E9-4C8C-9DBF-DB4530F4904E}.Release|x86.Build.0 = Release|Any CPU
		{FEDD8D01-0F4E-421F-9BC8-15E6F4BD9AF7}.Debug|Any CPU.ActiveCfg = Debug|x64
		{FEDD8D01-0F4E-421F-9BC8-15E6F4BD9AF7}.Debug|Any CPU.Build.0 = Debug|x64
		{FEDD8D01-0F4E-421F-9BC8-15E6F4BD9AF7}.Debug|x64.ActiveCfg = Debug|x64
		{FEDD8D01-0F4E-421F-9BC8-15E6F4BD9AF7}.Debug|x64.Build.0 = Debug|x64
		{FEDD8D01-0F4E-421F-9BC8-15E6F4BD9AF7}.Debug|x86.ActiveCfg = Debug|Any CPU
		{FEDD8D01-0F4E-421F-9BC8-15E6F4BD9AF7}.Debug|x86.Build.0 = Debug|Any CPU
		{FEDD8D01-0F4E-421F-9BC8-15E6F4BD9AF7}.Release|Any CPU.ActiveCfg = Release|Any CPU
		{FEDD8D01-0F4E-421F-9BC8-15E6F4BD9AF7}.Release|Any CPU.Build.0 = Release|Any CPU
		{FEDD8D01-0F4E-421F-9BC8-15E6F4BD9AF7}.Release|x64.ActiveCfg = Release|x64
		{FEDD8D01-0F4E-421F-9BC8-15E6F4BD9AF7}.Release|x64.Build.0 = Release|x64
		{FEDD8D01-0F4E-421F-9BC8-15E6F4BD9AF7}.Release|x86.ActiveCfg = Release|Any CPU
		{FEDD8D01-0F4E-421F-9BC8-15E6F4BD9AF7}.Release|x86.Build.0 = Release|Any CPU
		{2819300E-0523-4CF8-B071-62D604AF02D6}.Debug|Any CPU.ActiveCfg = Debug|x64
		{2819300E-0523-4CF8-B071-62D604AF02D6}.Debug|Any CPU.Build.0 = Debug|x64
		{2819300E-0523-4CF8-B071-62D604AF02D6}.Debug|x64.ActiveCfg = Debug|x64
		{2819300E-0523-4CF8-B071-62D604AF02D6}.Debug|x64.Build.0 = Debug|x64
		{2819300E-0523-4CF8-B071-62D604AF02D6}.Debug|x86.ActiveCfg = Debug|Any CPU
		{2819300E-0523-4CF8-B071-62D604AF02D6}.Debug|x86.Build.0 = Debug|Any CPU
		{2819300E-0523-4CF8-B071-62D604AF02D6}.Release|Any CPU.ActiveCfg = Release|Any CPU
		{2819300E-0523-4CF8-B071-62D604AF02D6}.Release|Any CPU.Build.0 = Release|Any CPU
		{2819300E-0523-4CF8-B071-62D604AF02D6}.Release|x64.ActiveCfg = Release|x64
		{2819300E-0523-4CF8-B071-62D604AF02D6}.Release|x64.Build.0 = Release|x64
		{2819300E-0523-4CF8-B071-62D604AF02D6}.Release|x86.ActiveCfg = Release|Any CPU
		{2819300E-0523-4CF8-B071-62D604AF02D6}.Release|x86.Build.0 = Release|Any CPU
		{8FF5F65B-4A7E-4E75-A15E-268A0CA36BEF}.Debug|Any CPU.ActiveCfg = Debug|x64
		{8FF5F65B-4A7E-4E75-A15E-268A0CA36BEF}.Debug|Any CPU.Build.0 = Debug|x64
		{8FF5F65B-4A7E-4E75-A15E-268A0CA36BEF}.Debug|x64.ActiveCfg = Debug|x64
		{8FF5F65B-4A7E-4E75-A15E-268A0CA36BEF}.Debug|x64.Build.0 = Debug|x64
		{8FF5F65B-4A7E-4E75-A15E-268A0CA36BEF}.Debug|x86.ActiveCfg = Debug|Any CPU
		{8FF5F65B-4A7E-4E75-A15E-268A0CA36BEF}.Debug|x86.Build.0 = Debug|Any CPU
		{8FF5F65B-4A7E-4E75-A15E-268A0CA36BEF}.Release|Any CPU.ActiveCfg = Release|Any CPU
		{8FF5F65B-4A7E-4E75-A15E-268A0CA36BEF}.Release|Any CPU.Build.0 = Release|Any CPU
		{8FF5F65B-4A7E-4E75-A15E-268A0CA36BEF}.Release|x64.ActiveCfg = Release|x64
		{8FF5F65B-4A7E-4E75-A15E-268A0CA36BEF}.Release|x64.Build.0 = Release|x64
		{8FF5F65B-4A7E-4E75-A15E-268A0CA36BEF}.Release|x86.ActiveCfg = Release|Any CPU
		{8FF5F65B-4A7E-4E75-A15E-268A0CA36BEF}.Release|x86.Build.0 = Release|Any CPU
		{3826D1EF-9F0A-44C3-A96D-63C5F84B2CDA}.Debug|Any CPU.ActiveCfg = Debug|x64
		{3826D1EF-9F0A-44C3-A96D-63C5F84B2CDA}.Debug|Any CPU.Build.0 = Debug|x64
		{3826D1EF-9F0A-44C3-A96D-63C5F84B2CDA}.Debug|x64.ActiveCfg = Debug|x64
		{3826D1EF-9F0A-44C3-A96D-63C5F84B2CDA}.Debug|x64.Build.0 = Debug|x64
		{3826D1EF-9F0A-44C3-A96D-63C5F84B2CDA}.Debug|x86.ActiveCfg = Debug|Any CPU
		{3826D1EF-9F0A-44C3-A96D-63C5F84B2CDA}.Debug|x86.Build.0 = Debug|Any CPU
		{3826D1EF-9F0A-44C3-A96D-63C5F84B2CDA}.Release|Any CPU.ActiveCfg = Release|Any CPU
		{3826D1EF-9F0A-44C3-A96D-63C5F84B2CDA}.Release|Any CPU.Build.0 = Release|Any CPU
		{3826D1EF-9F0A-44C3-A96D-63C5F84B2CDA}.Release|x64.ActiveCfg = Release|x64
		{3826D1EF-9F0A-44C3-A96D-63C5F84B2CDA}.Release|x64.Build.0 = Release|x64
		{3826D1EF-9F0A-44C3-A96D-63C5F84B2CDA}.Release|x86.ActiveCfg = Release|Any CPU
		{3826D1EF-9F0A-44C3-A96D-63C5F84B2CDA}.Release|x86.Build.0 = Release|Any CPU
		{9328821B-A2D6-4735-9CA3-EC63D9B36E2D}.Debug|Any CPU.ActiveCfg = Debug|x64
		{9328821B-A2D6-4735-9CA3-EC63D9B36E2D}.Debug|Any CPU.Build.0 = Debug|x64
		{9328821B-A2D6-4735-9CA3-EC63D9B36E2D}.Debug|x64.ActiveCfg = Debug|x64
		{9328821B-A2D6-4735-9CA3-EC63D9B36E2D}.Debug|x64.Build.0 = Debug|x64
		{9328821B-A2D6-4735-9CA3-EC63D9B36E2D}.Debug|x86.ActiveCfg = Debug|Any CPU
		{9328821B-A2D6-4735-9CA3-EC63D9B36E2D}.Debug|x86.Build.0 = Debug|Any CPU
		{9328821B-A2D6-4735-9CA3-EC63D9B36E2D}.Release|Any CPU.ActiveCfg = Release|Any CPU
		{9328821B-A2D6-4735-9CA3-EC63D9B36E2D}.Release|Any CPU.Build.0 = Release|Any CPU
		{9328821B-A2D6-4735-9CA3-EC63D9B36E2D}.Release|x64.ActiveCfg = Release|x64
		{9328821B-A2D6-4735-9CA3-EC63D9B36E2D}.Release|x64.Build.0 = Release|x64
		{9328821B-A2D6-4735-9CA3-EC63D9B36E2D}.Release|x86.ActiveCfg = Release|Any CPU
		{9328821B-A2D6-4735-9CA3-EC63D9B36E2D}.Release|x86.Build.0 = Release|Any CPU
		{77599DE5-1A7F-4B5B-A7C5-692126288609}.Debug|Any CPU.ActiveCfg = Debug|x64
		{77599DE5-1A7F-4B5B-A7C5-692126288609}.Debug|Any CPU.Build.0 = Debug|x64
		{77599DE5-1A7F-4B5B-A7C5-692126288609}.Debug|x64.ActiveCfg = Debug|x64
		{77599DE5-1A7F-4B5B-A7C5-692126288609}.Debug|x64.Build.0 = Debug|x64
		{77599DE5-1A7F-4B5B-A7C5-692126288609}.Debug|x86.ActiveCfg = Debug|Any CPU
		{77599DE5-1A7F-4B5B-A7C5-692126288609}.Debug|x86.Build.0 = Debug|Any CPU
		{77599DE5-1A7F-4B5B-A7C5-692126288609}.Release|Any CPU.ActiveCfg = Release|Any CPU
		{77599DE5-1A7F-4B5B-A7C5-692126288609}.Release|Any CPU.Build.0 = Release|Any CPU
		{77599DE5-1A7F-4B5B-A7C5-692126288609}.Release|x64.ActiveCfg = Release|x64
		{77599DE5-1A7F-4B5B-A7C5-692126288609}.Release|x64.Build.0 = Release|x64
		{77599DE5-1A7F-4B5B-A7C5-692126288609}.Release|x86.ActiveCfg = Release|Any CPU
		{77599DE5-1A7F-4B5B-A7C5-692126288609}.Release|x86.Build.0 = Release|Any CPU
		{AE9BD552-B3BA-47D2-A7C2-3E6AA289662D}.Debug|Any CPU.ActiveCfg = Debug|x64
		{AE9BD552-B3BA-47D2-A7C2-3E6AA289662D}.Debug|Any CPU.Build.0 = Debug|x64
		{AE9BD552-B3BA-47D2-A7C2-3E6AA289662D}.Debug|x64.ActiveCfg = Debug|x64
		{AE9BD552-B3BA-47D2-A7C2-3E6AA289662D}.Debug|x64.Build.0 = Debug|x64
		{AE9BD552-B3BA-47D2-A7C2-3E6AA289662D}.Debug|x86.ActiveCfg = Debug|Any CPU
		{AE9BD552-B3BA-47D2-A7C2-3E6AA289662D}.Debug|x86.Build.0 = Debug|Any CPU
		{AE9BD552-B3BA-47D2-A7C2-3E6AA289662D}.Release|Any CPU.ActiveCfg = Release|Any CPU
		{AE9BD552-B3BA-47D2-A7C2-3E6AA289662D}.Release|Any CPU.Build.0 = Release|Any CPU
		{AE9BD552-B3BA-47D2-A7C2-3E6AA289662D}.Release|x64.ActiveCfg = Release|Any CPU
		{AE9BD552-B3BA-47D2-A7C2-3E6AA289662D}.Release|x64.Build.0 = Release|Any CPU
		{AE9BD552-B3BA-47D2-A7C2-3E6AA289662D}.Release|x86.ActiveCfg = Release|Any CPU
		{AE9BD552-B3BA-47D2-A7C2-3E6AA289662D}.Release|x86.Build.0 = Release|Any CPU
		{C66761B6-9AA4-4483-9228-25F5A8FB91A1}.Debug|Any CPU.ActiveCfg = Debug|x64
		{C66761B6-9AA4-4483-9228-25F5A8FB91A1}.Debug|Any CPU.Build.0 = Debug|x64
		{C66761B6-9AA4-4483-9228-25F5A8FB91A1}.Debug|x64.ActiveCfg = Debug|x64
		{C66761B6-9AA4-4483-9228-25F5A8FB91A1}.Debug|x64.Build.0 = Debug|x64
		{C66761B6-9AA4-4483-9228-25F5A8FB91A1}.Debug|x86.ActiveCfg = Debug|Any CPU
		{C66761B6-9AA4-4483-9228-25F5A8FB91A1}.Debug|x86.Build.0 = Debug|Any CPU
		{C66761B6-9AA4-4483-9228-25F5A8FB91A1}.Release|Any CPU.ActiveCfg = Release|Any CPU
		{C66761B6-9AA4-4483-9228-25F5A8FB91A1}.Release|Any CPU.Build.0 = Release|Any CPU
		{C66761B6-9AA4-4483-9228-25F5A8FB91A1}.Release|x64.ActiveCfg = Release|Any CPU
		{C66761B6-9AA4-4483-9228-25F5A8FB91A1}.Release|x64.Build.0 = Release|Any CPU
		{C66761B6-9AA4-4483-9228-25F5A8FB91A1}.Release|x86.ActiveCfg = Release|Any CPU
		{C66761B6-9AA4-4483-9228-25F5A8FB91A1}.Release|x86.Build.0 = Release|Any CPU
		{F58FFCBD-49D3-4153-9336-9CBFBC17F55F}.Debug|Any CPU.ActiveCfg = Debug|x64
		{F58FFCBD-49D3-4153-9336-9CBFBC17F55F}.Debug|Any CPU.Build.0 = Debug|x64
		{F58FFCBD-49D3-4153-9336-9CBFBC17F55F}.Debug|x64.ActiveCfg = Debug|x64
		{F58FFCBD-49D3-4153-9336-9CBFBC17F55F}.Debug|x64.Build.0 = Debug|x64
		{F58FFCBD-49D3-4153-9336-9CBFBC17F55F}.Debug|x86.ActiveCfg = Debug|Any CPU
		{F58FFCBD-49D3-4153-9336-9CBFBC17F55F}.Debug|x86.Build.0 = Debug|Any CPU
		{F58FFCBD-49D3-4153-9336-9CBFBC17F55F}.Release|Any CPU.ActiveCfg = Release|Any CPU
		{F58FFCBD-49D3-4153-9336-9CBFBC17F55F}.Release|Any CPU.Build.0 = Release|Any CPU
		{F58FFCBD-49D3-4153-9336-9CBFBC17F55F}.Release|x64.ActiveCfg = Release|Any CPU
		{F58FFCBD-49D3-4153-9336-9CBFBC17F55F}.Release|x64.Build.0 = Release|Any CPU
		{F58FFCBD-49D3-4153-9336-9CBFBC17F55F}.Release|x86.ActiveCfg = Release|Any CPU
		{F58FFCBD-49D3-4153-9336-9CBFBC17F55F}.Release|x86.Build.0 = Release|Any CPU
		{D322124E-3C27-45ED-86BB-84DC5621845A}.Debug|Any CPU.ActiveCfg = Debug|x64
		{D322124E-3C27-45ED-86BB-84DC5621845A}.Debug|Any CPU.Build.0 = Debug|x64
		{D322124E-3C27-45ED-86BB-84DC5621845A}.Debug|x64.ActiveCfg = Debug|x64
		{D322124E-3C27-45ED-86BB-84DC5621845A}.Debug|x64.Build.0 = Debug|x64
		{D322124E-3C27-45ED-86BB-84DC5621845A}.Debug|x86.ActiveCfg = Debug|Any CPU
		{D322124E-3C27-45ED-86BB-84DC5621845A}.Debug|x86.Build.0 = Debug|Any CPU
		{D322124E-3C27-45ED-86BB-84DC5621845A}.Release|Any CPU.ActiveCfg = Release|Any CPU
		{D322124E-3C27-45ED-86BB-84DC5621845A}.Release|Any CPU.Build.0 = Release|Any CPU
		{D322124E-3C27-45ED-86BB-84DC5621845A}.Release|x64.ActiveCfg = Release|x64
		{D322124E-3C27-45ED-86BB-84DC5621845A}.Release|x64.Build.0 = Release|x64
		{D322124E-3C27-45ED-86BB-84DC5621845A}.Release|x86.ActiveCfg = Release|Any CPU
		{D322124E-3C27-45ED-86BB-84DC5621845A}.Release|x86.Build.0 = Release|Any CPU
		{BFC47BE0-B158-4B21-B8BB-FD9BCF36E27E}.Debug|Any CPU.ActiveCfg = Debug|x64
		{BFC47BE0-B158-4B21-B8BB-FD9BCF36E27E}.Debug|Any CPU.Build.0 = Debug|x64
		{BFC47BE0-B158-4B21-B8BB-FD9BCF36E27E}.Debug|x64.ActiveCfg = Debug|x64
		{BFC47BE0-B158-4B21-B8BB-FD9BCF36E27E}.Debug|x64.Build.0 = Debug|x64
		{BFC47BE0-B158-4B21-B8BB-FD9BCF36E27E}.Debug|x86.ActiveCfg = Debug|Any CPU
		{BFC47BE0-B158-4B21-B8BB-FD9BCF36E27E}.Debug|x86.Build.0 = Debug|Any CPU
		{BFC47BE0-B158-4B21-B8BB-FD9BCF36E27E}.Release|Any CPU.ActiveCfg = Release|Any CPU
		{BFC47BE0-B158-4B21-B8BB-FD9BCF36E27E}.Release|Any CPU.Build.0 = Release|Any CPU
		{BFC47BE0-B158-4B21-B8BB-FD9BCF36E27E}.Release|x64.ActiveCfg = Release|x64
		{BFC47BE0-B158-4B21-B8BB-FD9BCF36E27E}.Release|x64.Build.0 = Release|x64
		{BFC47BE0-B158-4B21-B8BB-FD9BCF36E27E}.Release|x86.ActiveCfg = Release|Any CPU
		{BFC47BE0-B158-4B21-B8BB-FD9BCF36E27E}.Release|x86.Build.0 = Release|Any CPU
		{877F7DC4-CB4C-44C1-9FD3-1981B815ED3D}.Debug|Any CPU.ActiveCfg = Debug|x64
		{877F7DC4-CB4C-44C1-9FD3-1981B815ED3D}.Debug|Any CPU.Build.0 = Debug|x64
		{877F7DC4-CB4C-44C1-9FD3-1981B815ED3D}.Debug|x64.ActiveCfg = Debug|x64
		{877F7DC4-CB4C-44C1-9FD3-1981B815ED3D}.Debug|x64.Build.0 = Debug|x64
		{877F7DC4-CB4C-44C1-9FD3-1981B815ED3D}.Debug|x86.ActiveCfg = Debug|Any CPU
		{877F7DC4-CB4C-44C1-9FD3-1981B815ED3D}.Debug|x86.Build.0 = Debug|Any CPU
		{877F7DC4-CB4C-44C1-9FD3-1981B815ED3D}.Release|Any CPU.ActiveCfg = Release|Any CPU
		{877F7DC4-CB4C-44C1-9FD3-1981B815ED3D}.Release|Any CPU.Build.0 = Release|Any CPU
		{877F7DC4-CB4C-44C1-9FD3-1981B815ED3D}.Release|x64.ActiveCfg = Release|Any CPU
		{877F7DC4-CB4C-44C1-9FD3-1981B815ED3D}.Release|x64.Build.0 = Release|Any CPU
		{877F7DC4-CB4C-44C1-9FD3-1981B815ED3D}.Release|x86.ActiveCfg = Release|Any CPU
		{877F7DC4-CB4C-44C1-9FD3-1981B815ED3D}.Release|x86.Build.0 = Release|Any CPU
		{F4252027-109E-4C95-9913-15CD32C0076C}.Debug|Any CPU.ActiveCfg = Debug|x64
		{F4252027-109E-4C95-9913-15CD32C0076C}.Debug|Any CPU.Build.0 = Debug|x64
		{F4252027-109E-4C95-9913-15CD32C0076C}.Debug|x64.ActiveCfg = Debug|x64
		{F4252027-109E-4C95-9913-15CD32C0076C}.Debug|x64.Build.0 = Debug|x64
		{F4252027-109E-4C95-9913-15CD32C0076C}.Debug|x86.ActiveCfg = Debug|Any CPU
		{F4252027-109E-4C95-9913-15CD32C0076C}.Debug|x86.Build.0 = Debug|Any CPU
		{F4252027-109E-4C95-9913-15CD32C0076C}.Release|Any CPU.ActiveCfg = Release|Any CPU
		{F4252027-109E-4C95-9913-15CD32C0076C}.Release|Any CPU.Build.0 = Release|Any CPU
		{F4252027-109E-4C95-9913-15CD32C0076C}.Release|x64.ActiveCfg = Release|Any CPU
		{F4252027-109E-4C95-9913-15CD32C0076C}.Release|x64.Build.0 = Release|Any CPU
		{F4252027-109E-4C95-9913-15CD32C0076C}.Release|x86.ActiveCfg = Release|Any CPU
		{F4252027-109E-4C95-9913-15CD32C0076C}.Release|x86.Build.0 = Release|Any CPU
		{DF5AEE01-F1AA-4551-ADBA-EC3D5C42E14B}.Debug|Any CPU.ActiveCfg = Debug|x64
		{DF5AEE01-F1AA-4551-ADBA-EC3D5C42E14B}.Debug|Any CPU.Build.0 = Debug|x64
		{DF5AEE01-F1AA-4551-ADBA-EC3D5C42E14B}.Debug|x64.ActiveCfg = Debug|x64
		{DF5AEE01-F1AA-4551-ADBA-EC3D5C42E14B}.Debug|x64.Build.0 = Debug|x64
		{DF5AEE01-F1AA-4551-ADBA-EC3D5C42E14B}.Debug|x86.ActiveCfg = Debug|Any CPU
		{DF5AEE01-F1AA-4551-ADBA-EC3D5C42E14B}.Debug|x86.Build.0 = Debug|Any CPU
		{DF5AEE01-F1AA-4551-ADBA-EC3D5C42E14B}.Release|Any CPU.ActiveCfg = Release|Any CPU
		{DF5AEE01-F1AA-4551-ADBA-EC3D5C42E14B}.Release|Any CPU.Build.0 = Release|Any CPU
		{DF5AEE01-F1AA-4551-ADBA-EC3D5C42E14B}.Release|x64.ActiveCfg = Release|Any CPU
		{DF5AEE01-F1AA-4551-ADBA-EC3D5C42E14B}.Release|x64.Build.0 = Release|Any CPU
		{DF5AEE01-F1AA-4551-ADBA-EC3D5C42E14B}.Release|x86.ActiveCfg = Release|Any CPU
		{DF5AEE01-F1AA-4551-ADBA-EC3D5C42E14B}.Release|x86.Build.0 = Release|Any CPU
		{09EF9D35-1AD9-49CE-8064-367B80F9E75D}.Debug|Any CPU.ActiveCfg = Debug|x64
		{09EF9D35-1AD9-49CE-8064-367B80F9E75D}.Debug|Any CPU.Build.0 = Debug|x64
		{09EF9D35-1AD9-49CE-8064-367B80F9E75D}.Debug|x64.ActiveCfg = Debug|x64
		{09EF9D35-1AD9-49CE-8064-367B80F9E75D}.Debug|x64.Build.0 = Debug|x64
		{09EF9D35-1AD9-49CE-8064-367B80F9E75D}.Debug|x86.ActiveCfg = Debug|Any CPU
		{09EF9D35-1AD9-49CE-8064-367B80F9E75D}.Debug|x86.Build.0 = Debug|Any CPU
		{09EF9D35-1AD9-49CE-8064-367B80F9E75D}.Release|Any CPU.ActiveCfg = Release|Any CPU
		{09EF9D35-1AD9-49CE-8064-367B80F9E75D}.Release|Any CPU.Build.0 = Release|Any CPU
		{09EF9D35-1AD9-49CE-8064-367B80F9E75D}.Release|x64.ActiveCfg = Release|Any CPU
		{09EF9D35-1AD9-49CE-8064-367B80F9E75D}.Release|x64.Build.0 = Release|Any CPU
		{09EF9D35-1AD9-49CE-8064-367B80F9E75D}.Release|x86.ActiveCfg = Release|Any CPU
		{09EF9D35-1AD9-49CE-8064-367B80F9E75D}.Release|x86.Build.0 = Release|Any CPU
		{94842C81-93DE-4490-A3D0-BC420C97B850}.Debug|Any CPU.ActiveCfg = Debug|x64
		{94842C81-93DE-4490-A3D0-BC420C97B850}.Debug|Any CPU.Build.0 = Debug|x64
		{94842C81-93DE-4490-A3D0-BC420C97B850}.Debug|x64.ActiveCfg = Debug|x64
		{94842C81-93DE-4490-A3D0-BC420C97B850}.Debug|x64.Build.0 = Debug|x64
		{94842C81-93DE-4490-A3D0-BC420C97B850}.Debug|x86.ActiveCfg = Debug|Any CPU
		{94842C81-93DE-4490-A3D0-BC420C97B850}.Debug|x86.Build.0 = Debug|Any CPU
		{94842C81-93DE-4490-A3D0-BC420C97B850}.Release|Any CPU.ActiveCfg = Release|Any CPU
		{94842C81-93DE-4490-A3D0-BC420C97B850}.Release|Any CPU.Build.0 = Release|Any CPU
		{94842C81-93DE-4490-A3D0-BC420C97B850}.Release|x64.ActiveCfg = Release|x64
		{94842C81-93DE-4490-A3D0-BC420C97B850}.Release|x64.Build.0 = Release|x64
		{94842C81-93DE-4490-A3D0-BC420C97B850}.Release|x86.ActiveCfg = Release|Any CPU
		{94842C81-93DE-4490-A3D0-BC420C97B850}.Release|x86.Build.0 = Release|Any CPU
		{4EDE59D5-246F-4BC6-9ADE-EF0BF652E935}.Debug|Any CPU.ActiveCfg = Debug|x64
		{4EDE59D5-246F-4BC6-9ADE-EF0BF652E935}.Debug|Any CPU.Build.0 = Debug|x64
		{4EDE59D5-246F-4BC6-9ADE-EF0BF652E935}.Debug|x64.ActiveCfg = Debug|x64
		{4EDE59D5-246F-4BC6-9ADE-EF0BF652E935}.Debug|x64.Build.0 = Debug|x64
		{4EDE59D5-246F-4BC6-9ADE-EF0BF652E935}.Debug|x86.ActiveCfg = Debug|Any CPU
		{4EDE59D5-246F-4BC6-9ADE-EF0BF652E935}.Debug|x86.Build.0 = Debug|Any CPU
		{4EDE59D5-246F-4BC6-9ADE-EF0BF652E935}.Release|Any CPU.ActiveCfg = Release|Any CPU
		{4EDE59D5-246F-4BC6-9ADE-EF0BF652E935}.Release|Any CPU.Build.0 = Release|Any CPU
		{4EDE59D5-246F-4BC6-9ADE-EF0BF652E935}.Release|x64.ActiveCfg = Release|Any CPU
		{4EDE59D5-246F-4BC6-9ADE-EF0BF652E935}.Release|x64.Build.0 = Release|Any CPU
		{4EDE59D5-246F-4BC6-9ADE-EF0BF652E935}.Release|x86.ActiveCfg = Release|Any CPU
		{4EDE59D5-246F-4BC6-9ADE-EF0BF652E935}.Release|x86.Build.0 = Release|Any CPU
		{6F89B2AE-4EED-479E-AD58-69B8A6865820}.Debug|Any CPU.ActiveCfg = Debug|x64
		{6F89B2AE-4EED-479E-AD58-69B8A6865820}.Debug|Any CPU.Build.0 = Debug|x64
		{6F89B2AE-4EED-479E-AD58-69B8A6865820}.Debug|x64.ActiveCfg = Debug|x64
		{6F89B2AE-4EED-479E-AD58-69B8A6865820}.Debug|x64.Build.0 = Debug|x64
		{6F89B2AE-4EED-479E-AD58-69B8A6865820}.Debug|x86.ActiveCfg = Debug|Any CPU
		{6F89B2AE-4EED-479E-AD58-69B8A6865820}.Debug|x86.Build.0 = Debug|Any CPU
		{6F89B2AE-4EED-479E-AD58-69B8A6865820}.Release|Any CPU.ActiveCfg = Release|Any CPU
		{6F89B2AE-4EED-479E-AD58-69B8A6865820}.Release|Any CPU.Build.0 = Release|Any CPU
		{6F89B2AE-4EED-479E-AD58-69B8A6865820}.Release|x64.ActiveCfg = Release|Any CPU
		{6F89B2AE-4EED-479E-AD58-69B8A6865820}.Release|x64.Build.0 = Release|Any CPU
		{6F89B2AE-4EED-479E-AD58-69B8A6865820}.Release|x86.ActiveCfg = Release|Any CPU
		{6F89B2AE-4EED-479E-AD58-69B8A6865820}.Release|x86.Build.0 = Release|Any CPU
		{0D54CFBD-3343-4B21-8C08-EFE1DEA87AA1}.Debug|Any CPU.ActiveCfg = Debug|x64
		{0D54CFBD-3343-4B21-8C08-EFE1DEA87AA1}.Debug|Any CPU.Build.0 = Debug|x64
		{0D54CFBD-3343-4B21-8C08-EFE1DEA87AA1}.Debug|x64.ActiveCfg = Debug|x64
		{0D54CFBD-3343-4B21-8C08-EFE1DEA87AA1}.Debug|x64.Build.0 = Debug|x64
		{0D54CFBD-3343-4B21-8C08-EFE1DEA87AA1}.Debug|x86.ActiveCfg = Debug|Any CPU
		{0D54CFBD-3343-4B21-8C08-EFE1DEA87AA1}.Debug|x86.Build.0 = Debug|Any CPU
		{0D54CFBD-3343-4B21-8C08-EFE1DEA87AA1}.Release|Any CPU.ActiveCfg = Release|Any CPU
		{0D54CFBD-3343-4B21-8C08-EFE1DEA87AA1}.Release|Any CPU.Build.0 = Release|Any CPU
		{0D54CFBD-3343-4B21-8C08-EFE1DEA87AA1}.Release|x64.ActiveCfg = Release|x64
		{0D54CFBD-3343-4B21-8C08-EFE1DEA87AA1}.Release|x64.Build.0 = Release|x64
		{0D54CFBD-3343-4B21-8C08-EFE1DEA87AA1}.Release|x86.ActiveCfg = Release|Any CPU
		{0D54CFBD-3343-4B21-8C08-EFE1DEA87AA1}.Release|x86.Build.0 = Release|Any CPU
		{B58C4EBA-AE0A-40E9-85EE-A3ACCA49D7B8}.Debug|Any CPU.ActiveCfg = Debug|x64
		{B58C4EBA-AE0A-40E9-85EE-A3ACCA49D7B8}.Debug|Any CPU.Build.0 = Debug|x64
		{B58C4EBA-AE0A-40E9-85EE-A3ACCA49D7B8}.Debug|x64.ActiveCfg = Debug|x64
		{B58C4EBA-AE0A-40E9-85EE-A3ACCA49D7B8}.Debug|x64.Build.0 = Debug|x64
		{B58C4EBA-AE0A-40E9-85EE-A3ACCA49D7B8}.Debug|x86.ActiveCfg = Debug|Any CPU
		{B58C4EBA-AE0A-40E9-85EE-A3ACCA49D7B8}.Debug|x86.Build.0 = Debug|Any CPU
		{B58C4EBA-AE0A-40E9-85EE-A3ACCA49D7B8}.Release|Any CPU.ActiveCfg = Release|Any CPU
		{B58C4EBA-AE0A-40E9-85EE-A3ACCA49D7B8}.Release|Any CPU.Build.0 = Release|Any CPU
		{B58C4EBA-AE0A-40E9-85EE-A3ACCA49D7B8}.Release|x64.ActiveCfg = Release|x64
		{B58C4EBA-AE0A-40E9-85EE-A3ACCA49D7B8}.Release|x64.Build.0 = Release|x64
		{B58C4EBA-AE0A-40E9-85EE-A3ACCA49D7B8}.Release|x86.ActiveCfg = Release|Any CPU
		{B58C4EBA-AE0A-40E9-85EE-A3ACCA49D7B8}.Release|x86.Build.0 = Release|Any CPU
		{4AC750BE-59DD-41A2-923F-5601FFE89A18}.Debug|Any CPU.ActiveCfg = Debug|x64
		{4AC750BE-59DD-41A2-923F-5601FFE89A18}.Debug|Any CPU.Build.0 = Debug|x64
		{4AC750BE-59DD-41A2-923F-5601FFE89A18}.Debug|x64.ActiveCfg = Debug|x64
		{4AC750BE-59DD-41A2-923F-5601FFE89A18}.Debug|x64.Build.0 = Debug|x64
		{4AC750BE-59DD-41A2-923F-5601FFE89A18}.Debug|x86.ActiveCfg = Debug|Any CPU
		{4AC750BE-59DD-41A2-923F-5601FFE89A18}.Debug|x86.Build.0 = Debug|Any CPU
		{4AC750BE-59DD-41A2-923F-5601FFE89A18}.Release|Any CPU.ActiveCfg = Release|Any CPU
		{4AC750BE-59DD-41A2-923F-5601FFE89A18}.Release|Any CPU.Build.0 = Release|Any CPU
		{4AC750BE-59DD-41A2-923F-5601FFE89A18}.Release|x64.ActiveCfg = Release|Any CPU
		{4AC750BE-59DD-41A2-923F-5601FFE89A18}.Release|x64.Build.0 = Release|Any CPU
		{4AC750BE-59DD-41A2-923F-5601FFE89A18}.Release|x86.ActiveCfg = Release|Any CPU
		{4AC750BE-59DD-41A2-923F-5601FFE89A18}.Release|x86.Build.0 = Release|Any CPU
		{B3EB3154-F843-4C34-8791-A84FE2826927}.Debug|Any CPU.ActiveCfg = Debug|x64
		{B3EB3154-F843-4C34-8791-A84FE2826927}.Debug|Any CPU.Build.0 = Debug|x64
		{B3EB3154-F843-4C34-8791-A84FE2826927}.Debug|x64.ActiveCfg = Debug|x64
		{B3EB3154-F843-4C34-8791-A84FE2826927}.Debug|x64.Build.0 = Debug|x64
		{B3EB3154-F843-4C34-8791-A84FE2826927}.Debug|x86.ActiveCfg = Debug|Any CPU
		{B3EB3154-F843-4C34-8791-A84FE2826927}.Debug|x86.Build.0 = Debug|Any CPU
		{B3EB3154-F843-4C34-8791-A84FE2826927}.Release|Any CPU.ActiveCfg = Release|Any CPU
		{B3EB3154-F843-4C34-8791-A84FE2826927}.Release|Any CPU.Build.0 = Release|Any CPU
		{B3EB3154-F843-4C34-8791-A84FE2826927}.Release|x64.ActiveCfg = Release|Any CPU
		{B3EB3154-F843-4C34-8791-A84FE2826927}.Release|x64.Build.0 = Release|Any CPU
		{B3EB3154-F843-4C34-8791-A84FE2826927}.Release|x86.ActiveCfg = Release|Any CPU
		{B3EB3154-F843-4C34-8791-A84FE2826927}.Release|x86.Build.0 = Release|Any CPU
		{11CEC80D-0F65-4125-A948-FD4302064F6B}.Debug|Any CPU.ActiveCfg = Debug|x64
		{11CEC80D-0F65-4125-A948-FD4302064F6B}.Debug|Any CPU.Build.0 = Debug|x64
		{11CEC80D-0F65-4125-A948-FD4302064F6B}.Debug|x64.ActiveCfg = Debug|x64
		{11CEC80D-0F65-4125-A948-FD4302064F6B}.Debug|x64.Build.0 = Debug|x64
		{11CEC80D-0F65-4125-A948-FD4302064F6B}.Debug|x86.ActiveCfg = Debug|Any CPU
		{11CEC80D-0F65-4125-A948-FD4302064F6B}.Debug|x86.Build.0 = Debug|Any CPU
		{11CEC80D-0F65-4125-A948-FD4302064F6B}.Release|Any CPU.ActiveCfg = Release|Any CPU
		{11CEC80D-0F65-4125-A948-FD4302064F6B}.Release|Any CPU.Build.0 = Release|Any CPU
		{11CEC80D-0F65-4125-A948-FD4302064F6B}.Release|x64.ActiveCfg = Release|Any CPU
		{11CEC80D-0F65-4125-A948-FD4302064F6B}.Release|x64.Build.0 = Release|Any CPU
		{11CEC80D-0F65-4125-A948-FD4302064F6B}.Release|x86.ActiveCfg = Release|Any CPU
		{11CEC80D-0F65-4125-A948-FD4302064F6B}.Release|x86.Build.0 = Release|Any CPU
		{DE2E0A5C-2428-44C5-9E63-EA47BC8F424F}.Debug|Any CPU.ActiveCfg = Debug|x64
		{DE2E0A5C-2428-44C5-9E63-EA47BC8F424F}.Debug|Any CPU.Build.0 = Debug|x64
		{DE2E0A5C-2428-44C5-9E63-EA47BC8F424F}.Debug|x64.ActiveCfg = Debug|x64
		{DE2E0A5C-2428-44C5-9E63-EA47BC8F424F}.Debug|x64.Build.0 = Debug|x64
		{DE2E0A5C-2428-44C5-9E63-EA47BC8F424F}.Debug|x86.ActiveCfg = Debug|Any CPU
		{DE2E0A5C-2428-44C5-9E63-EA47BC8F424F}.Debug|x86.Build.0 = Debug|Any CPU
		{DE2E0A5C-2428-44C5-9E63-EA47BC8F424F}.Release|Any CPU.ActiveCfg = Release|Any CPU
		{DE2E0A5C-2428-44C5-9E63-EA47BC8F424F}.Release|Any CPU.Build.0 = Release|Any CPU
		{DE2E0A5C-2428-44C5-9E63-EA47BC8F424F}.Release|x64.ActiveCfg = Release|Any CPU
		{DE2E0A5C-2428-44C5-9E63-EA47BC8F424F}.Release|x64.Build.0 = Release|Any CPU
		{DE2E0A5C-2428-44C5-9E63-EA47BC8F424F}.Release|x86.ActiveCfg = Release|Any CPU
		{DE2E0A5C-2428-44C5-9E63-EA47BC8F424F}.Release|x86.Build.0 = Release|Any CPU
		{001A5767-0640-4E4E-8AD8-22AEBFD8C069}.Debug|Any CPU.ActiveCfg = Debug|x64
		{001A5767-0640-4E4E-8AD8-22AEBFD8C069}.Debug|Any CPU.Build.0 = Debug|x64
		{001A5767-0640-4E4E-8AD8-22AEBFD8C069}.Debug|x64.ActiveCfg = Debug|Any CPU
		{001A5767-0640-4E4E-8AD8-22AEBFD8C069}.Debug|x64.Build.0 = Debug|Any CPU
		{001A5767-0640-4E4E-8AD8-22AEBFD8C069}.Debug|x86.ActiveCfg = Debug|Any CPU
		{001A5767-0640-4E4E-8AD8-22AEBFD8C069}.Debug|x86.Build.0 = Debug|Any CPU
		{001A5767-0640-4E4E-8AD8-22AEBFD8C069}.Release|Any CPU.ActiveCfg = Release|Any CPU
		{001A5767-0640-4E4E-8AD8-22AEBFD8C069}.Release|Any CPU.Build.0 = Release|Any CPU
		{001A5767-0640-4E4E-8AD8-22AEBFD8C069}.Release|x64.ActiveCfg = Release|Any CPU
		{001A5767-0640-4E4E-8AD8-22AEBFD8C069}.Release|x64.Build.0 = Release|Any CPU
		{001A5767-0640-4E4E-8AD8-22AEBFD8C069}.Release|x86.ActiveCfg = Release|Any CPU
		{001A5767-0640-4E4E-8AD8-22AEBFD8C069}.Release|x86.Build.0 = Release|Any CPU
		{6A58DB48-FC29-48D0-B429-A40640AAB21D}.Debug|Any CPU.ActiveCfg = Debug|x64
		{6A58DB48-FC29-48D0-B429-A40640AAB21D}.Debug|Any CPU.Build.0 = Debug|x64
		{6A58DB48-FC29-48D0-B429-A40640AAB21D}.Debug|x64.ActiveCfg = Debug|Any CPU
		{6A58DB48-FC29-48D0-B429-A40640AAB21D}.Debug|x64.Build.0 = Debug|Any CPU
		{6A58DB48-FC29-48D0-B429-A40640AAB21D}.Debug|x86.ActiveCfg = Debug|Any CPU
		{6A58DB48-FC29-48D0-B429-A40640AAB21D}.Debug|x86.Build.0 = Debug|Any CPU
		{6A58DB48-FC29-48D0-B429-A40640AAB21D}.Release|Any CPU.ActiveCfg = Release|Any CPU
		{6A58DB48-FC29-48D0-B429-A40640AAB21D}.Release|Any CPU.Build.0 = Release|Any CPU
		{6A58DB48-FC29-48D0-B429-A40640AAB21D}.Release|x64.ActiveCfg = Release|Any CPU
		{6A58DB48-FC29-48D0-B429-A40640AAB21D}.Release|x64.Build.0 = Release|Any CPU
		{6A58DB48-FC29-48D0-B429-A40640AAB21D}.Release|x86.ActiveCfg = Release|Any CPU
		{6A58DB48-FC29-48D0-B429-A40640AAB21D}.Release|x86.Build.0 = Release|Any CPU
		{6A95D001-48FA-4CDC-92FF-58B1FD22266F}.Debug|Any CPU.ActiveCfg = Debug|x64
		{6A95D001-48FA-4CDC-92FF-58B1FD22266F}.Debug|Any CPU.Build.0 = Debug|x64
		{6A95D001-48FA-4CDC-92FF-58B1FD22266F}.Debug|x64.ActiveCfg = Debug|Any CPU
		{6A95D001-48FA-4CDC-92FF-58B1FD22266F}.Debug|x64.Build.0 = Debug|Any CPU
		{6A95D001-48FA-4CDC-92FF-58B1FD22266F}.Debug|x86.ActiveCfg = Debug|Any CPU
		{6A95D001-48FA-4CDC-92FF-58B1FD22266F}.Debug|x86.Build.0 = Debug|Any CPU
		{6A95D001-48FA-4CDC-92FF-58B1FD22266F}.Release|Any CPU.ActiveCfg = Release|Any CPU
		{6A95D001-48FA-4CDC-92FF-58B1FD22266F}.Release|Any CPU.Build.0 = Release|Any CPU
		{6A95D001-48FA-4CDC-92FF-58B1FD22266F}.Release|x64.ActiveCfg = Release|Any CPU
		{6A95D001-48FA-4CDC-92FF-58B1FD22266F}.Release|x64.Build.0 = Release|Any CPU
		{6A95D001-48FA-4CDC-92FF-58B1FD22266F}.Release|x86.ActiveCfg = Release|Any CPU
		{6A95D001-48FA-4CDC-92FF-58B1FD22266F}.Release|x86.Build.0 = Release|Any CPU
		{DC58AA82-434D-4C1B-936A-0AF3E79CBDC5}.Debug|Any CPU.ActiveCfg = Debug|x64
		{DC58AA82-434D-4C1B-936A-0AF3E79CBDC5}.Debug|Any CPU.Build.0 = Debug|x64
		{DC58AA82-434D-4C1B-936A-0AF3E79CBDC5}.Debug|x64.ActiveCfg = Debug|Any CPU
		{DC58AA82-434D-4C1B-936A-0AF3E79CBDC5}.Debug|x64.Build.0 = Debug|Any CPU
		{DC58AA82-434D-4C1B-936A-0AF3E79CBDC5}.Debug|x86.ActiveCfg = Debug|Any CPU
		{DC58AA82-434D-4C1B-936A-0AF3E79CBDC5}.Debug|x86.Build.0 = Debug|Any CPU
		{DC58AA82-434D-4C1B-936A-0AF3E79CBDC5}.Release|Any CPU.ActiveCfg = Release|Any CPU
		{DC58AA82-434D-4C1B-936A-0AF3E79CBDC5}.Release|Any CPU.Build.0 = Release|Any CPU
		{DC58AA82-434D-4C1B-936A-0AF3E79CBDC5}.Release|x64.ActiveCfg = Release|Any CPU
		{DC58AA82-434D-4C1B-936A-0AF3E79CBDC5}.Release|x64.Build.0 = Release|Any CPU
		{DC58AA82-434D-4C1B-936A-0AF3E79CBDC5}.Release|x86.ActiveCfg = Release|Any CPU
		{DC58AA82-434D-4C1B-936A-0AF3E79CBDC5}.Release|x86.Build.0 = Release|Any CPU
		{D7D1B621-4053-4A57-8A65-B7B3157F12B2}.Debug|Any CPU.ActiveCfg = Debug|x64
		{D7D1B621-4053-4A57-8A65-B7B3157F12B2}.Debug|Any CPU.Build.0 = Debug|x64
		{D7D1B621-4053-4A57-8A65-B7B3157F12B2}.Debug|x64.ActiveCfg = Debug|Any CPU
		{D7D1B621-4053-4A57-8A65-B7B3157F12B2}.Debug|x64.Build.0 = Debug|Any CPU
		{D7D1B621-4053-4A57-8A65-B7B3157F12B2}.Debug|x86.ActiveCfg = Debug|Any CPU
		{D7D1B621-4053-4A57-8A65-B7B3157F12B2}.Debug|x86.Build.0 = Debug|Any CPU
		{D7D1B621-4053-4A57-8A65-B7B3157F12B2}.Release|Any CPU.ActiveCfg = Release|Any CPU
		{D7D1B621-4053-4A57-8A65-B7B3157F12B2}.Release|Any CPU.Build.0 = Release|Any CPU
		{D7D1B621-4053-4A57-8A65-B7B3157F12B2}.Release|x64.ActiveCfg = Release|Any CPU
		{D7D1B621-4053-4A57-8A65-B7B3157F12B2}.Release|x64.Build.0 = Release|Any CPU
		{D7D1B621-4053-4A57-8A65-B7B3157F12B2}.Release|x86.ActiveCfg = Release|Any CPU
		{D7D1B621-4053-4A57-8A65-B7B3157F12B2}.Release|x86.Build.0 = Release|Any CPU
		{BDA45825-200C-4E87-8D5B-4BDAC39A7074}.Debug|Any CPU.ActiveCfg = Debug|x64
		{BDA45825-200C-4E87-8D5B-4BDAC39A7074}.Debug|Any CPU.Build.0 = Debug|x64
		{BDA45825-200C-4E87-8D5B-4BDAC39A7074}.Debug|x64.ActiveCfg = Debug|Any CPU
		{BDA45825-200C-4E87-8D5B-4BDAC39A7074}.Debug|x64.Build.0 = Debug|Any CPU
		{BDA45825-200C-4E87-8D5B-4BDAC39A7074}.Debug|x86.ActiveCfg = Debug|Any CPU
		{BDA45825-200C-4E87-8D5B-4BDAC39A7074}.Debug|x86.Build.0 = Debug|Any CPU
		{BDA45825-200C-4E87-8D5B-4BDAC39A7074}.Release|Any CPU.ActiveCfg = Release|Any CPU
		{BDA45825-200C-4E87-8D5B-4BDAC39A7074}.Release|Any CPU.Build.0 = Release|Any CPU
		{BDA45825-200C-4E87-8D5B-4BDAC39A7074}.Release|x64.ActiveCfg = Release|Any CPU
		{BDA45825-200C-4E87-8D5B-4BDAC39A7074}.Release|x64.Build.0 = Release|Any CPU
		{BDA45825-200C-4E87-8D5B-4BDAC39A7074}.Release|x86.ActiveCfg = Release|Any CPU
		{BDA45825-200C-4E87-8D5B-4BDAC39A7074}.Release|x86.Build.0 = Release|Any CPU
		{2045DA5E-E7E0-4CF9-B6F7-664CAC7AFAFE}.Debug|Any CPU.ActiveCfg = Debug|x64
		{2045DA5E-E7E0-4CF9-B6F7-664CAC7AFAFE}.Debug|Any CPU.Build.0 = Debug|x64
		{2045DA5E-E7E0-4CF9-B6F7-664CAC7AFAFE}.Debug|Any CPU.Deploy.0 = Debug|x64
		{2045DA5E-E7E0-4CF9-B6F7-664CAC7AFAFE}.Debug|x64.ActiveCfg = Debug|Any CPU
		{2045DA5E-E7E0-4CF9-B6F7-664CAC7AFAFE}.Debug|x64.Build.0 = Debug|Any CPU
		{2045DA5E-E7E0-4CF9-B6F7-664CAC7AFAFE}.Debug|x64.Deploy.0 = Debug|Any CPU
		{2045DA5E-E7E0-4CF9-B6F7-664CAC7AFAFE}.Debug|x86.ActiveCfg = Debug|Any CPU
		{2045DA5E-E7E0-4CF9-B6F7-664CAC7AFAFE}.Debug|x86.Build.0 = Debug|Any CPU
		{2045DA5E-E7E0-4CF9-B6F7-664CAC7AFAFE}.Debug|x86.Deploy.0 = Debug|Any CPU
		{2045DA5E-E7E0-4CF9-B6F7-664CAC7AFAFE}.Release|Any CPU.ActiveCfg = Release|Any CPU
		{2045DA5E-E7E0-4CF9-B6F7-664CAC7AFAFE}.Release|Any CPU.Build.0 = Release|Any CPU
		{2045DA5E-E7E0-4CF9-B6F7-664CAC7AFAFE}.Release|Any CPU.Deploy.0 = Release|Any CPU
		{2045DA5E-E7E0-4CF9-B6F7-664CAC7AFAFE}.Release|x64.ActiveCfg = Release|Any CPU
		{2045DA5E-E7E0-4CF9-B6F7-664CAC7AFAFE}.Release|x64.Build.0 = Release|Any CPU
		{2045DA5E-E7E0-4CF9-B6F7-664CAC7AFAFE}.Release|x64.Deploy.0 = Release|Any CPU
		{2045DA5E-E7E0-4CF9-B6F7-664CAC7AFAFE}.Release|x86.ActiveCfg = Release|Any CPU
		{2045DA5E-E7E0-4CF9-B6F7-664CAC7AFAFE}.Release|x86.Build.0 = Release|Any CPU
		{2045DA5E-E7E0-4CF9-B6F7-664CAC7AFAFE}.Release|x86.Deploy.0 = Release|Any CPU
		{A5A8D79A-DBB8-4ADA-95DD-B6EB802F962F}.Debug|Any CPU.ActiveCfg = Debug|x64
		{A5A8D79A-DBB8-4ADA-95DD-B6EB802F962F}.Debug|Any CPU.Build.0 = Debug|x64
		{A5A8D79A-DBB8-4ADA-95DD-B6EB802F962F}.Debug|Any CPU.Deploy.0 = Debug|x64
		{A5A8D79A-DBB8-4ADA-95DD-B6EB802F962F}.Debug|x64.ActiveCfg = Debug|x64
		{A5A8D79A-DBB8-4ADA-95DD-B6EB802F962F}.Debug|x64.Build.0 = Debug|x64
		{A5A8D79A-DBB8-4ADA-95DD-B6EB802F962F}.Debug|x64.Deploy.0 = Debug|x64
		{A5A8D79A-DBB8-4ADA-95DD-B6EB802F962F}.Debug|x86.ActiveCfg = Debug|Any CPU
		{A5A8D79A-DBB8-4ADA-95DD-B6EB802F962F}.Debug|x86.Build.0 = Debug|Any CPU
		{A5A8D79A-DBB8-4ADA-95DD-B6EB802F962F}.Debug|x86.Deploy.0 = Debug|Any CPU
		{A5A8D79A-DBB8-4ADA-95DD-B6EB802F962F}.Release|Any CPU.ActiveCfg = Release|Any CPU
		{A5A8D79A-DBB8-4ADA-95DD-B6EB802F962F}.Release|Any CPU.Build.0 = Release|Any CPU
		{A5A8D79A-DBB8-4ADA-95DD-B6EB802F962F}.Release|Any CPU.Deploy.0 = Release|Any CPU
		{A5A8D79A-DBB8-4ADA-95DD-B6EB802F962F}.Release|x64.ActiveCfg = Release|Any CPU
		{A5A8D79A-DBB8-4ADA-95DD-B6EB802F962F}.Release|x64.Build.0 = Release|Any CPU
		{A5A8D79A-DBB8-4ADA-95DD-B6EB802F962F}.Release|x64.Deploy.0 = Release|Any CPU
		{A5A8D79A-DBB8-4ADA-95DD-B6EB802F962F}.Release|x86.ActiveCfg = Release|Any CPU
		{A5A8D79A-DBB8-4ADA-95DD-B6EB802F962F}.Release|x86.Build.0 = Release|Any CPU
		{A5A8D79A-DBB8-4ADA-95DD-B6EB802F962F}.Release|x86.Deploy.0 = Release|Any CPU
	EndGlobalSection
	GlobalSection(SolutionProperties) = preSolution
		HideSolutionNode = FALSE
	EndGlobalSection
	GlobalSection(NestedProjects) = preSolution
		{B726FB71-D295-41EE-9644-B2B0B1BC8911} = {CEFC4CE4-EF4A-4E34-AB3D-251825F77105}
		{892CBE15-9ED7-4540-81FA-0EAABA592138} = {F630D6EF-1628-4554-A550-21C81AD79356}
		{2630D180-1B68-4E84-AEAC-42EE8C88B50F} = {D140F6CB-3922-47C3-9690-ABD853D28A88}
		{ADE96497-7C11-40B6-AE82-57F956C9F104} = {D140F6CB-3922-47C3-9690-ABD853D28A88}
		{E112FFCC-BD88-4056-99E1-0991A0E82588} = {D140F6CB-3922-47C3-9690-ABD853D28A88}
		{9AFAFF43-18B6-408C-BE6E-A4DC7A155935} = {4EC6767A-09E0-44D1-B4E9-2F55124C116B}
		{FCF49C3D-C3F2-4F09-A75B-5D9A6A688BF0} = {4EC6767A-09E0-44D1-B4E9-2F55124C116B}
		{4B17C411-2AEA-4326-A64F-17B0EBAE1395} = {5AA7243A-26F5-4E7D-B9B1-2A2CFA1E2E0B}
		{07733597-8FB2-44F8-A73E-8BD0D3863B43} = {8032A5F4-B56A-422D-A659-91B233A8F7BB}
		{6B270F5C-F475-4AD4-B95D-CE65712CB80C} = {8032A5F4-B56A-422D-A659-91B233A8F7BB}
		{9F52F876-2548-4119-9E54-0CB7C76B1750} = {8032A5F4-B56A-422D-A659-91B233A8F7BB}
		{E5EB974E-55E9-4C8C-9DBF-DB4530F4904E} = {CEFC4CE4-EF4A-4E34-AB3D-251825F77105}
		{FEDD8D01-0F4E-421F-9BC8-15E6F4BD9AF7} = {CEFC4CE4-EF4A-4E34-AB3D-251825F77105}
		{2819300E-0523-4CF8-B071-62D604AF02D6} = {6B270F5C-F475-4AD4-B95D-CE65712CB80C}
		{8FF5F65B-4A7E-4E75-A15E-268A0CA36BEF} = {07733597-8FB2-44F8-A73E-8BD0D3863B43}
		{3826D1EF-9F0A-44C3-A96D-63C5F84B2CDA} = {07733597-8FB2-44F8-A73E-8BD0D3863B43}
		{9328821B-A2D6-4735-9CA3-EC63D9B36E2D} = {9F52F876-2548-4119-9E54-0CB7C76B1750}
		{77599DE5-1A7F-4B5B-A7C5-692126288609} = {9F52F876-2548-4119-9E54-0CB7C76B1750}
		{AE9BD552-B3BA-47D2-A7C2-3E6AA289662D} = {2964A514-F050-4239-B4CA-DEFB248CE5E8}
		{C66761B6-9AA4-4483-9228-25F5A8FB91A1} = {2964A514-F050-4239-B4CA-DEFB248CE5E8}
		{F58FFCBD-49D3-4153-9336-9CBFBC17F55F} = {CEFC4CE4-EF4A-4E34-AB3D-251825F77105}
		{D322124E-3C27-45ED-86BB-84DC5621845A} = {CEFC4CE4-EF4A-4E34-AB3D-251825F77105}
		{125E31D5-1DB3-401A-ACA0-2A2E0232B20E} = {4EC6767A-09E0-44D1-B4E9-2F55124C116B}
		{E3DE5FD6-9062-444D-8DC9-0486ACEB6475} = {4EC6767A-09E0-44D1-B4E9-2F55124C116B}
		{BFC47BE0-B158-4B21-B8BB-FD9BCF36E27E} = {FCF49C3D-C3F2-4F09-A75B-5D9A6A688BF0}
		{877F7DC4-CB4C-44C1-9FD3-1981B815ED3D} = {E3DE5FD6-9062-444D-8DC9-0486ACEB6475}
		{F4252027-109E-4C95-9913-15CD32C0076C} = {125E31D5-1DB3-401A-ACA0-2A2E0232B20E}
		{DF5AEE01-F1AA-4551-ADBA-EC3D5C42E14B} = {9AFAFF43-18B6-408C-BE6E-A4DC7A155935}
		{94842C81-93DE-4490-A3D0-BC420C97B850} = {F0DBA39A-8BE4-48A0-9F6B-497FED39F3D5}
		{4EDE59D5-246F-4BC6-9ADE-EF0BF652E935} = {6B270F5C-F475-4AD4-B95D-CE65712CB80C}
		{CF659460-3924-4C38-9DF6-7110C1284D10} = {4EC6767A-09E0-44D1-B4E9-2F55124C116B}
		{6F89B2AE-4EED-479E-AD58-69B8A6865820} = {CEFC4CE4-EF4A-4E34-AB3D-251825F77105}
		{0D54CFBD-3343-4B21-8C08-EFE1DEA87AA1} = {773C187E-295E-4DFA-9ABA-763AA04BCDAB}
		{B58C4EBA-AE0A-40E9-85EE-A3ACCA49D7B8} = {773C187E-295E-4DFA-9ABA-763AA04BCDAB}
		{4AC750BE-59DD-41A2-923F-5601FFE89A18} = {CF659460-3924-4C38-9DF6-7110C1284D10}
		{B3EB3154-F843-4C34-8791-A84FE2826927} = {CF659460-3924-4C38-9DF6-7110C1284D10}
		{11CEC80D-0F65-4125-A948-FD4302064F6B} = {CEFC4CE4-EF4A-4E34-AB3D-251825F77105}
		{9CEF90F1-E2AE-4790-BD12-CA70AEA83AC1} = {4EC6767A-09E0-44D1-B4E9-2F55124C116B}
		{DE2E0A5C-2428-44C5-9E63-EA47BC8F424F} = {9CEF90F1-E2AE-4790-BD12-CA70AEA83AC1}
		{001A5767-0640-4E4E-8AD8-22AEBFD8C069} = {CEFC4CE4-EF4A-4E34-AB3D-251825F77105}
		{6A58DB48-FC29-48D0-B429-A40640AAB21D} = {F878EC4C-46D7-4C0F-BB19-CEE229B6DC11}
		{6A95D001-48FA-4CDC-92FF-58B1FD22266F} = {F878EC4C-46D7-4C0F-BB19-CEE229B6DC11}
		{DC58AA82-434D-4C1B-936A-0AF3E79CBDC5} = {CEFC4CE4-EF4A-4E34-AB3D-251825F77105}
		{D7D1B621-4053-4A57-8A65-B7B3157F12B2} = {CEFC4CE4-EF4A-4E34-AB3D-251825F77105}
		{2A4D7479-1FAC-453F-895A-DE075FDF607D} = {4EC6767A-09E0-44D1-B4E9-2F55124C116B}
		{BDA45825-200C-4E87-8D5B-4BDAC39A7074} = {2A4D7479-1FAC-453F-895A-DE075FDF607D}
		{2045DA5E-E7E0-4CF9-B6F7-664CAC7AFAFE} = {D6792581-9CD7-4B6A-9972-CAA6FCEEEC35}
		{A5A8D79A-DBB8-4ADA-95DD-B6EB802F962F} = {57CEF766-640C-4B0E-BAE4-DF4B0F4D6331}
	EndGlobalSection
	GlobalSection(ExtensibilityGlobals) = postSolution
		SolutionGuid = {6F2A5C02-A2F4-4021-990E-9A05482EA2E3}
	EndGlobalSection
EndGlobal
